
Microsoft Visual Studio Solution File, Format Version 12.00
# Visual Studio Version 17
VisualStudioVersion = 17.9.34902.65
MinimumVisualStudioVersion = 10.0.40219.1
Project("{9A19103F-16F7-4668-BE54-9A1E7A4F7556}") = "GaiaLabs", "GaiaLabs\GaiaLabs.csproj", "{48BEFDB0-9DFF-4683-8DA2-0349A5C26069}"
EndProject
Project("{9A19103F-16F7-4668-BE54-9A1E7A4F7556}") = "GaiaCompressor", "GaiaCompressor\GaiaCompressor.csproj", "{3EDF4959-D6C2-40D1-8DFE-BDE3AE19C393}"
EndProject
Project("{9A19103F-16F7-4668-BE54-9A1E7A4F7556}") = "GaiaPacker", "GaiaPacker\GaiaPacker.csproj", "{E0FD51A7-E8BC-44DD-A726-DA6B1D8FDB54}"
EndProject
Project("{FAE04EC0-301F-11D3-BF4B-00C04F79EFBC}") = "GaiaLib", "GaiaLib\GaiaLib.csproj", "{14F10820-9257-4315-B79F-99697F36B492}"
EndProject
Global
	GlobalSection(SolutionConfigurationPlatforms) = preSolution
		Debug|Any CPU = Debug|Any CPU
		ExportDebug|Any CPU = ExportDebug|Any CPU
		ExportRelease|Any CPU = ExportRelease|Any CPU
		Release|Any CPU = Release|Any CPU
	EndGlobalSection
	GlobalSection(ProjectConfigurationPlatforms) = postSolution
		{48BEFDB0-9DFF-4683-8DA2-0349A5C26069}.Debug|Any CPU.ActiveCfg = Debug|Any CPU
		{48BEFDB0-9DFF-4683-8DA2-0349A5C26069}.Debug|Any CPU.Build.0 = Debug|Any CPU
		{48BEFDB0-9DFF-4683-8DA2-0349A5C26069}.ExportDebug|Any CPU.ActiveCfg = ExportDebug|Any CPU
		{48BEFDB0-9DFF-4683-8DA2-0349A5C26069}.ExportDebug|Any CPU.Build.0 = ExportDebug|Any CPU
		{48BEFDB0-9DFF-4683-8DA2-0349A5C26069}.ExportRelease|Any CPU.ActiveCfg = ExportRelease|Any CPU
		{48BEFDB0-9DFF-4683-8DA2-0349A5C26069}.ExportRelease|Any CPU.Build.0 = ExportRelease|Any CPU
		{48BEFDB0-9DFF-4683-8DA2-0349A5C26069}.Release|Any CPU.ActiveCfg = ExportRelease|Any CPU
		{48BEFDB0-9DFF-4683-8DA2-0349A5C26069}.Release|Any CPU.Build.0 = ExportRelease|Any CPU
		{3EDF4959-D6C2-40D1-8DFE-BDE3AE19C393}.Debug|Any CPU.ActiveCfg = Debug|Any CPU
		{3EDF4959-D6C2-40D1-8DFE-BDE3AE19C393}.Debug|Any CPU.Build.0 = Debug|Any CPU
		{3EDF4959-D6C2-40D1-8DFE-BDE3AE19C393}.ExportDebug|Any CPU.ActiveCfg = Debug|Any CPU
		{3EDF4959-D6C2-40D1-8DFE-BDE3AE19C393}.ExportDebug|Any CPU.Build.0 = Debug|Any CPU
		{3EDF4959-D6C2-40D1-8DFE-BDE3AE19C393}.ExportRelease|Any CPU.ActiveCfg = Release|Any CPU
		{3EDF4959-D6C2-40D1-8DFE-BDE3AE19C393}.ExportRelease|Any CPU.Build.0 = Release|Any CPU
		{3EDF4959-D6C2-40D1-8DFE-BDE3AE19C393}.Release|Any CPU.ActiveCfg = Release|Any CPU
		{3EDF4959-D6C2-40D1-8DFE-BDE3AE19C393}.Release|Any CPU.Build.0 = Release|Any CPU
		{E0FD51A7-E8BC-44DD-A726-DA6B1D8FDB54}.Debug|Any CPU.ActiveCfg = Debug|Any CPU
		{E0FD51A7-E8BC-44DD-A726-DA6B1D8FDB54}.Debug|Any CPU.Build.0 = Debug|Any CPU
		{E0FD51A7-E8BC-44DD-A726-DA6B1D8FDB54}.ExportDebug|Any CPU.ActiveCfg = Debug|Any CPU
		{E0FD51A7-E8BC-44DD-A726-DA6B1D8FDB54}.ExportDebug|Any CPU.Build.0 = Debug|Any CPU
		{E0FD51A7-E8BC-44DD-A726-DA6B1D8FDB54}.ExportRelease|Any CPU.ActiveCfg = Release|Any CPU
		{E0FD51A7-E8BC-44DD-A726-DA6B1D8FDB54}.ExportRelease|Any CPU.Build.0 = Release|Any CPU
		{E0FD51A7-E8BC-44DD-A726-DA6B1D8FDB54}.Release|Any CPU.ActiveCfg = Release|Any CPU
		{E0FD51A7-E8BC-44DD-A726-DA6B1D8FDB54}.Release|Any CPU.Build.0 = Release|Any CPU
		{14F10820-9257-4315-B79F-99697F36B492}.Debug|Any CPU.ActiveCfg = Debug|Any CPU
		{14F10820-9257-4315-B79F-99697F36B492}.Debug|Any CPU.Build.0 = Debug|Any CPU
		{14F10820-9257-4315-B79F-99697F36B492}.ExportDebug|Any CPU.ActiveCfg = Debug|Any CPU
		{14F10820-9257-4315-B79F-99697F36B492}.ExportDebug|Any CPU.Build.0 = Debug|Any CPU
		{14F10820-9257-4315-B79F-99697F36B492}.ExportRelease|Any CPU.ActiveCfg = Release|Any CPU
		{14F10820-9257-4315-B79F-99697F36B492}.ExportRelease|Any CPU.Build.0 = Release|Any CPU
		{14F10820-9257-4315-B79F-99697F36B492}.Release|Any CPU.ActiveCfg = Release|Any CPU
		{14F10820-9257-4315-B79F-99697F36B492}.Release|Any CPU.Build.0 = Release|Any CPU
	EndGlobalSection
	GlobalSection(SolutionProperties) = preSolution
		HideSolutionNode = FALSE
	EndGlobalSection
	GlobalSection(ExtensibilityGlobals) = postSolution
		SolutionGuid = {F4A0FE45-D48A-4CAA-B4E2-8886C91807D5}
	EndGlobalSection
EndGlobal
